
Microsoft Visual Studio Solution File, Format Version 12.00
# Visual Studio 15
VisualStudioVersion = 15.0.28307.1705
MinimumVisualStudioVersion = 10.0.40219.1
Project("{8BC9CEB8-8B4A-11D0-8D11-00A0C91BC942}") = "3.20", "3.20\3.20.vcxproj", "{8C674E58-7D33-497D-87D7-30F896BFA658}"
EndProject
Global
	GlobalSection(SolutionConfigurationPlatforms) = preSolution
		Debug|x64 = Debug|x64
		Debug|x86 = Debug|x86
		Release|x64 = Release|x64
		Release|x86 = Release|x86
	EndGlobalSection
	GlobalSection(ProjectConfigurationPlatforms) = postSolution
		{8C674E58-7D33-497D-87D7-30F896BFA658}.Debug|x64.ActiveCfg = Debug|x64
		{8C674E58-7D33-497D-87D7-30F896BFA658}.Debug|x64.Build.0 = Debug|x64
		{8C674E58-7D33-497D-87D7-30F896BFA658}.Debug|x86.ActiveCfg = Debug|Win32
		{8C674E58-7D33-497D-87D7-30F896BFA658}.Debug|x86.Build.0 = Debug|Win32
		{8C674E58-7D33-497D-87D7-30F896BFA658}.Release|x64.ActiveCfg = Release|x64
		{8C674E58-7D33-497D-87D7-30F896BFA658}.Release|x64.Build.0 = Release|x64
		{8C674E58-7D33-497D-87D7-30F896BFA658}.Release|x86.ActiveCfg = Release|Win32
		{8C674E58-7D33-497D-87D7-30F896BFA658}.Release|x86.Build.0 = Release|Win32
	EndGlobalSection
	GlobalSection(SolutionProperties) = preSolution
		HideSolutionNode = FALSE
	EndGlobalSection
	GlobalSection(ExtensibilityGlobals) = postSolution
		SolutionGuid = {81415058-2953-46E2-9FC4-A75267669031}
	EndGlobalSection
EndGlobal
